{
  "name": "sport-fun",
  "version": "1.1.0",
  "lockfileVersion": 1,
  "requires": true,
  "dependencies": {
    "@babel/runtime": {
      "version": "7.17.9",
      "resolved": "https://artifactory.g.devqa.gcp.dev.paypalinc.com/artifactory/api/npm/npm-all/@babel/runtime/-/runtime-7.17.9.tgz",
      "integrity": "sha1-0Z+/gC0BqMts8FOmTkctQsQ0unI=",
      "requires": {
        "regenerator-runtime": "^0.13.4"
      }
    },
    "@emotion/hash": {
      "version": "0.8.0",
      "resolved": "https://artifactory.g.devqa.gcp.dev.paypalinc.com/artifactory/api/npm/npm-all/@emotion/hash/-/hash-0.8.0.tgz",
      "integrity": "sha1-u7/2iXj+/b5ozLUzvIy+HRr7VBM="
    },
    "@hapi/boom": {
      "version": "9.1.4",
      "resolved": "https://artifactory.g.devqa.gcp.dev.paypalinc.com/artifactory/api/npm/npm-all/@hapi/boom/-/boom-9.1.4.tgz",
      "integrity": "sha1-H52tNnxqfan43vJLSphvxae9nbY=",
      "requires": {
        "@hapi/hoek": "9.x.x"
      }
    },
    "@hapi/bourne": {
      "version": "2.1.0",
      "resolved": "https://artifactory.g.devqa.gcp.dev.paypalinc.com/artifactory/api/npm/npm-all/@hapi/bourne/-/bourne-2.1.0.tgz",
      "integrity": "sha1-Zq/3cJTcMIC9XfROxjiB8mdusCA="
    },
    "@hapi/hoek": {
      "version": "9.3.0",
      "resolved": "https://artifactory.g.devqa.gcp.dev.paypalinc.com/artifactory/api/npm/npm-all/@hapi/hoek/-/hoek-9.3.0.tgz",
      "integrity": "sha1-g2iGnctzW+Ln9ct2R9544WeiUfs="
    },
    "@hapi/wreck": {
      "version": "17.2.0",
      "resolved": "https://artifactory.g.devqa.gcp.dev.paypalinc.com/artifactory/api/npm/npm-all/@hapi/wreck/-/wreck-17.2.0.tgz",
      "integrity": "sha1-pbabck+o+iVVD7AvVcZJvs/Fn2M=",
      "requires": {
        "@hapi/boom": "9.x.x",
        "@hapi/bourne": "2.x.x",
        "@hapi/hoek": "9.x.x"
      }
    },
    "@material-ui/core": {
      "version": "4.12.4",
      "resolved": "https://artifactory.g.devqa.gcp.dev.paypalinc.com/artifactory/api/npm/npm-all/@material-ui/core/-/core-4.12.4.tgz",
      "integrity": "sha1-SsF0iOj8r1Xran9e+yoTHhATinM=",
      "requires": {
        "@babel/runtime": "^7.4.4",
        "@material-ui/styles": "^4.11.5",
        "@material-ui/system": "^4.12.2",
        "@material-ui/types": "5.1.0",
        "@material-ui/utils": "^4.11.3",
        "@types/react-transition-group": "^4.2.0",
        "clsx": "^1.0.4",
        "hoist-non-react-statics": "^3.3.2",
        "popper.js": "1.16.1-lts",
        "prop-types": "^15.7.2",
        "react-is": "^16.8.0 || ^17.0.0",
        "react-transition-group": "^4.4.0"
      }
    },
    "@material-ui/icons": {
      "version": "4.11.3",
      "resolved": "https://artifactory.g.devqa.gcp.dev.paypalinc.com/artifactory/api/npm/npm-all/@material-ui/icons/-/icons-4.11.3.tgz",
      "integrity": "sha1-sGk3CfmxYc6czeJ2p3DZaEhOz/E=",
      "requires": {
        "@babel/runtime": "^7.4.4"
      }
    },
    "@material-ui/styles": {
      "version": "4.11.5",
      "resolved": "https://artifactory.g.devqa.gcp.dev.paypalinc.com/artifactory/api/npm/npm-all/@material-ui/styles/-/styles-4.11.5.tgz",
      "integrity": "sha1-GfhEV986r9lWrIY9vhVrHYjiu/s=",
      "requires": {
        "@babel/runtime": "^7.4.4",
        "@emotion/hash": "^0.8.0",
        "@material-ui/types": "5.1.0",
        "@material-ui/utils": "^4.11.3",
        "clsx": "^1.0.4",
        "csstype": "^2.5.2",
        "hoist-non-react-statics": "^3.3.2",
        "jss": "^10.5.1",
        "jss-plugin-camel-case": "^10.5.1",
        "jss-plugin-default-unit": "^10.5.1",
        "jss-plugin-global": "^10.5.1",
        "jss-plugin-nested": "^10.5.1",
        "jss-plugin-props-sort": "^10.5.1",
        "jss-plugin-rule-value-function": "^10.5.1",
        "jss-plugin-vendor-prefixer": "^10.5.1",
        "prop-types": "^15.7.2"
      }
    },
    "@material-ui/system": {
      "version": "4.12.2",
      "resolved": "https://artifactory.g.devqa.gcp.dev.paypalinc.com/artifactory/api/npm/npm-all/@material-ui/system/-/system-4.12.2.tgz",
      "integrity": "sha1-9cOJrfP85BRu3Uib9AgtRh2Gqos=",
      "requires": {
        "@babel/runtime": "^7.4.4",
        "@material-ui/utils": "^4.11.3",
        "csstype": "^2.5.2",
        "prop-types": "^15.7.2"
      }
    },
    "@material-ui/types": {
      "version": "5.1.0",
      "resolved": "https://artifactory.g.devqa.gcp.dev.paypalinc.com/artifactory/api/npm/npm-all/@material-ui/types/-/types-5.1.0.tgz",
      "integrity": "sha1-76HHoLDqpMfIesA5BEXw+IsNiPI="
    },
    "@material-ui/utils": {
      "version": "4.11.3",
      "resolved": "https://artifactory.g.devqa.gcp.dev.paypalinc.com/artifactory/api/npm/npm-all/@material-ui/utils/-/utils-4.11.3.tgz",
      "integrity": "sha1-IyvYbE6oHatxTyHtrXC3/fAlOUI=",
      "requires": {
        "@babel/runtime": "^7.4.4",
        "prop-types": "^15.7.2",
        "react-is": "^16.8.0 || ^17.0.0"
      }
    },
    "@next/env": {
      "version": "12.1.6",
      "resolved": "https://artifactory.g.devqa.gcp.dev.paypalinc.com/artifactory/api/npm/npm-all/@next/env/-/env-12.1.6.tgz",
      "integrity": "sha1-X0SCOngzU1XwDxaHz8Tx2vo+ygg="
    },
    "@next/swc-android-arm-eabi": {
      "version": "12.1.6",
      "resolved": "https://artifactory.g.devqa.gcp.dev.paypalinc.com/artifactory/api/npm/npm-all/@next/swc-android-arm-eabi/-/swc-android-arm-eabi-12.1.6.tgz",
      "integrity": "sha1-eaNTSbmPL4wDirYmGqnNDRIcA/k=",
      "optional": true
    },
    "@next/swc-android-arm64": {
      "version": "12.1.6",
      "resolved": "https://artifactory.g.devqa.gcp.dev.paypalinc.com/artifactory/api/npm/npm-all/@next/swc-android-arm64/-/swc-android-arm64-12.1.6.tgz",
      "integrity": "sha1-7AjqYXlPh1LI68rL7QqvxblAdFY=",
      "optional": true
    },
    "@next/swc-darwin-arm64": {
      "version": "12.1.6",
      "resolved": "https://artifactory.g.devqa.gcp.dev.paypalinc.com/artifactory/api/npm/npm-all/@next/swc-darwin-arm64/-/swc-darwin-arm64-12.1.6.tgz",
      "integrity": "sha1-0QU4BWFf0HBumxZniTpyJxzYcRk=",
      "optional": true
    },
    "@next/swc-darwin-x64": {
      "version": "12.1.6",
      "resolved": "https://artifactory.g.devqa.gcp.dev.paypalinc.com/artifactory/api/npm/npm-all/@next/swc-darwin-x64/-/swc-darwin-x64-12.1.6.tgz",
      "integrity": "sha1-LRuSaiL0xSMNWzEfnFbP3MQGr+w=",
      "optional": true
    },
    "@next/swc-linux-arm-gnueabihf": {
      "version": "12.1.6",
      "resolved": "https://artifactory.g.devqa.gcp.dev.paypalinc.com/artifactory/api/npm/npm-all/@next/swc-linux-arm-gnueabihf/-/swc-linux-arm-gnueabihf-12.1.6.tgz",
      "integrity": "sha1-wCGRjSqUoX+CMQal4GkzW4oZck8=",
      "optional": true
    },
    "@next/swc-linux-arm64-gnu": {
      "version": "12.1.6",
      "resolved": "https://artifactory.g.devqa.gcp.dev.paypalinc.com/artifactory/api/npm/npm-all/@next/swc-linux-arm64-gnu/-/swc-linux-arm64-gnu-12.1.6.tgz",
      "integrity": "sha1-rFXAe/q943jfoM4rj8HDsol+ga4=",
      "optional": true
    },
    "@next/swc-linux-arm64-musl": {
      "version": "12.1.6",
      "resolved": "https://artifactory.g.devqa.gcp.dev.paypalinc.com/artifactory/api/npm/npm-all/@next/swc-linux-arm64-musl/-/swc-linux-arm64-musl-12.1.6.tgz",
      "integrity": "sha1-5Cn4JieYlL6Qlr5r7BPnXj1r1nE=",
      "optional": true
    },
    "@next/swc-linux-x64-gnu": {
      "version": "12.1.6",
      "resolved": "https://artifactory.g.devqa.gcp.dev.paypalinc.com/artifactory/api/npm/npm-all/@next/swc-linux-x64-gnu/-/swc-linux-x64-gnu-12.1.6.tgz",
      "integrity": "sha1-HydsB4Slylmb+jSy/MCzjzpzjgg=",
      "optional": true
    },
    "@next/swc-linux-x64-musl": {
      "version": "12.1.6",
      "resolved": "https://artifactory.g.devqa.gcp.dev.paypalinc.com/artifactory/api/npm/npm-all/@next/swc-linux-x64-musl/-/swc-linux-x64-musl-12.1.6.tgz",
      "integrity": "sha1-HZkz3WujA9z9iirNasfCftQeLuo=",
      "optional": true
    },
    "@next/swc-win32-arm64-msvc": {
      "version": "12.1.6",
      "resolved": "https://artifactory.g.devqa.gcp.dev.paypalinc.com/artifactory/api/npm/npm-all/@next/swc-win32-arm64-msvc/-/swc-win32-arm64-msvc-12.1.6.tgz",
      "integrity": "sha1-LvmDfxLKZSsXg9cuy4YgiQYELwI=",
      "optional": true
    },
    "@next/swc-win32-ia32-msvc": {
      "version": "12.1.6",
      "resolved": "https://artifactory.g.devqa.gcp.dev.paypalinc.com/artifactory/api/npm/npm-all/@next/swc-win32-ia32-msvc/-/swc-win32-ia32-msvc-12.1.6.tgz",
      "integrity": "sha1-dAA9CqHFnfpWyxVIGlxgfLwAJ7k=",
      "optional": true
    },
    "@next/swc-win32-x64-msvc": {
      "version": "12.1.6",
      "resolved": "https://artifactory.g.devqa.gcp.dev.paypalinc.com/artifactory/api/npm/npm-all/@next/swc-win32-x64-msvc/-/swc-win32-x64-msvc-12.1.6.tgz",
      "integrity": "sha1-o1DK9Cl15xl7JLSVuNdk7sfmo24=",
      "optional": true
    },
    "@types/lodash": {
      "version": "4.14.182",
      "resolved": "https://artifactory.g.devqa.gcp.dev.paypalinc.com/artifactory/api/npm/npm-all/@types/lodash/-/lodash-4.14.182.tgz",
      "integrity": "sha1-BTAaTV5iljIn6q/gzgTdd8VOpcI="
    },
    "@types/prop-types": {
      "version": "15.7.5",
      "resolved": "https://artifactory.g.devqa.gcp.dev.paypalinc.com/artifactory/api/npm/npm-all/@types/prop-types/-/prop-types-15.7.5.tgz",
      "integrity": "sha1-XxnSuFqY6VWANvajysyIGUIPBc8="
    },
    "@types/react": {
      "version": "18.0.9",
      "resolved": "https://artifactory.g.devqa.gcp.dev.paypalinc.com/artifactory/api/npm/npm-all/@types/react/-/react-18.0.9.tgz",
      "integrity": "sha1-1nEqOL1s2DRpYD5zWVERJvEi6Hg=",
      "requires": {
        "@types/prop-types": "*",
        "@types/scheduler": "*",
        "csstype": "^3.0.2"
      },
      "dependencies": {
        "csstype": {
          "version": "3.0.11",
          "resolved": "https://artifactory.g.devqa.gcp.dev.paypalinc.com/artifactory/api/npm/npm-all/csstype/-/csstype-3.0.11.tgz",
          "integrity": "sha1-1mcAxerPrBlA3rTj7lZCeS2FzTM="
        }
      }
    },
    "@types/react-transition-group": {
      "version": "4.4.4",
      "resolved": "https://artifactory.g.devqa.gcp.dev.paypalinc.com/artifactory/api/npm/npm-all/@types/react-transition-group/-/react-transition-group-4.4.4.tgz",
      "integrity": "sha1-rNTM6qK+a3V9th7XtDLhAyQtFj4=",
      "requires": {
        "@types/react": "*"
      }
    },
    "@types/scheduler": {
      "version": "0.16.2",
      "resolved": "https://artifactory.g.devqa.gcp.dev.paypalinc.com/artifactory/api/npm/npm-all/@types/scheduler/-/scheduler-0.16.2.tgz",
      "integrity": "sha1-GmL4lSVyPd4kuhsBsJK/XfitTTk="
    },
    "caniuse-lite": {
      "version": "1.0.30001340",
      "resolved": "https://artifactory.g.devqa.gcp.dev.paypalinc.com/artifactory/api/npm/npm-all/caniuse-lite/-/caniuse-lite-1.0.30001340.tgz",
      "integrity": "sha1-Apovi/wCXUgg+vv6piWf13eDQMc="
    },
    "clsx": {
      "version": "1.1.1",
      "resolved": "https://artifactory.g.devqa.gcp.dev.paypalinc.com/artifactory/api/npm/npm-all/clsx/-/clsx-1.1.1.tgz",
      "integrity": "sha1-mLMTT5q73yOyZjSRrOE8XAOnMYg="
    },
    "css-vendor": {
      "version": "2.0.8",
      "resolved": "https://artifactory.g.devqa.gcp.dev.paypalinc.com/artifactory/api/npm/npm-all/css-vendor/-/css-vendor-2.0.8.tgz",
      "integrity": "sha1-5H+R070xF9SRgKPJNeYuPZ9/RJ0=",
      "requires": {
        "@babel/runtime": "^7.8.3",
        "is-in-browser": "^1.0.2"
      }
    },
    "csstype": {
      "version": "2.6.20",
      "resolved": "https://artifactory.g.devqa.gcp.dev.paypalinc.com/artifactory/api/npm/npm-all/csstype/-/csstype-2.6.20.tgz",
      "integrity": "sha1-kinGXqCyYM9NPZl8sGKI42qNbdo="
    },
    "deepmerge": {
      "version": "2.2.1",
      "resolved": "https://artifactory.g.devqa.gcp.dev.paypalinc.com/artifactory/api/npm/npm-all/deepmerge/-/deepmerge-2.2.1.tgz",
      "integrity": "sha1-XT/yKgHAD2RUBaL7wX0HeKGAEXA="
    },
    "dom-helpers": {
      "version": "5.2.1",
      "resolved": "https://artifactory.g.devqa.gcp.dev.paypalinc.com/artifactory/api/npm/npm-all/dom-helpers/-/dom-helpers-5.2.1.tgz",
      "integrity": "sha1-2UAFNrK/giWtmP4FLgKUUaxA6QI=",
      "requires": {
        "@babel/runtime": "^7.8.7",
        "csstype": "^3.0.2"
      },
      "dependencies": {
        "csstype": {
          "version": "3.0.11",
          "resolved": "https://artifactory.g.devqa.gcp.dev.paypalinc.com/artifactory/api/npm/npm-all/csstype/-/csstype-3.0.11.tgz",
          "integrity": "sha1-1mcAxerPrBlA3rTj7lZCeS2FzTM="
        }
      }
    },
    "formik": {
      "version": "2.2.9",
      "resolved": "https://artifactory.g.devqa.gcp.dev.paypalinc.com/artifactory/api/npm/npm-all/formik/-/formik-2.2.9.tgz",
      "integrity": "sha1-hZS6nF4uXPH0LFcEEo4Rn8RiMtA=",
      "requires": {
        "deepmerge": "^2.1.1",
        "hoist-non-react-statics": "^3.3.0",
        "lodash": "^4.17.21",
        "lodash-es": "^4.17.21",
        "react-fast-compare": "^2.0.1",
        "tiny-warning": "^1.0.2",
        "tslib": "^1.10.0"
      }
    },
    "formik-material-ui": {
      "version": "3.0.1",
      "resolved": "https://artifactory.g.devqa.gcp.dev.paypalinc.com/artifactory/api/npm/npm-all/formik-material-ui/-/formik-material-ui-3.0.1.tgz",
      "integrity": "sha1-GJQHiFxBH7ICUU65mTpNnqRs6Co="
    },
    "hoist-non-react-statics": {
      "version": "3.3.2",
      "resolved": "https://artifactory.g.devqa.gcp.dev.paypalinc.com/artifactory/api/npm/npm-all/hoist-non-react-statics/-/hoist-non-react-statics-3.3.2.tgz",
      "integrity": "sha1-7OCsr3HWLClpwuxZ/v9CpLGoW0U=",
      "requires": {
        "react-is": "^16.7.0"
      },
      "dependencies": {
        "react-is": {
          "version": "16.13.1",
          "resolved": "https://artifactory.g.devqa.gcp.dev.paypalinc.com/artifactory/api/npm/npm-all/react-is/-/react-is-16.13.1.tgz",
          "integrity": "sha1-eJcppNw23imZ3BVt1sHZwYzqVqQ="
        }
      }
    },
    "hyphenate-style-name": {
      "version": "1.0.4",
      "resolved": "https://artifactory.g.devqa.gcp.dev.paypalinc.com/artifactory/api/npm/npm-all/hyphenate-style-name/-/hyphenate-style-name-1.0.4.tgz",
      "integrity": "sha1-aRh5r44iCupXUOiCfbTvYqVONh0="
    },
    "is-in-browser": {
      "version": "1.1.3",
      "resolved": "https://artifactory.g.devqa.gcp.dev.paypalinc.com/artifactory/api/npm/npm-all/is-in-browser/-/is-in-browser-1.1.3.tgz",
      "integrity": "sha1-Vv9NtoOgeMYILrldrX3GLh0E+DU="
    },
    "js-tokens": {
      "version": "4.0.0",
      "resolved": "https://artifactory.g.devqa.gcp.dev.paypalinc.com/artifactory/api/npm/npm-all/js-tokens/-/js-tokens-4.0.0.tgz",
      "integrity": "sha1-GSA/tZmR35jjoocFDUZHzerzJJk="
    },
    "jss": {
      "version": "10.9.0",
      "resolved": "https://artifactory.g.devqa.gcp.dev.paypalinc.com/artifactory/api/npm/npm-all/jss/-/jss-10.9.0.tgz",
      "integrity": "sha1-dYPuLNyQSoPIcrppXRuqtLWcFBs=",
      "requires": {
        "@babel/runtime": "^7.3.1",
        "csstype": "^3.0.2",
        "is-in-browser": "^1.1.3",
        "tiny-warning": "^1.0.2"
      },
      "dependencies": {
        "csstype": {
          "version": "3.0.11",
          "resolved": "https://artifactory.g.devqa.gcp.dev.paypalinc.com/artifactory/api/npm/npm-all/csstype/-/csstype-3.0.11.tgz",
          "integrity": "sha1-1mcAxerPrBlA3rTj7lZCeS2FzTM="
        }
      }
    },
    "jss-plugin-camel-case": {
      "version": "10.9.0",
      "resolved": "https://artifactory.g.devqa.gcp.dev.paypalinc.com/artifactory/api/npm/npm-all/jss-plugin-camel-case/-/jss-plugin-camel-case-10.9.0.tgz",
      "integrity": "sha1-SSG1aLONiT85c27oxMXxxkZwqvc=",
      "requires": {
        "@babel/runtime": "^7.3.1",
        "hyphenate-style-name": "^1.0.3",
        "jss": "10.9.0"
      }
    },
    "jss-plugin-default-unit": {
      "version": "10.9.0",
      "resolved": "https://artifactory.g.devqa.gcp.dev.paypalinc.com/artifactory/api/npm/npm-all/jss-plugin-default-unit/-/jss-plugin-default-unit-10.9.0.tgz",
      "integrity": "sha1-uyOkjwdbwM6FK0tNP3WCvAAt+ZE=",
      "requires": {
        "@babel/runtime": "^7.3.1",
        "jss": "10.9.0"
      }
    },
    "jss-plugin-global": {
      "version": "10.9.0",
      "resolved": "https://artifactory.g.devqa.gcp.dev.paypalinc.com/artifactory/api/npm/npm-all/jss-plugin-global/-/jss-plugin-global-10.9.0.tgz",
      "integrity": "sha1-/AegCGrJesoXTjfttIC2knfzkx8=",
      "requires": {
        "@babel/runtime": "^7.3.1",
        "jss": "10.9.0"
      }
    },
    "jss-plugin-nested": {
      "version": "10.9.0",
      "resolved": "https://artifactory.g.devqa.gcp.dev.paypalinc.com/artifactory/api/npm/npm-all/jss-plugin-nested/-/jss-plugin-nested-10.9.0.tgz",
      "integrity": "sha1-zBx9Y61ULDzMbixmyDKMa2sA9LM=",
      "requires": {
        "@babel/runtime": "^7.3.1",
        "jss": "10.9.0",
        "tiny-warning": "^1.0.2"
      }
    },
    "jss-plugin-props-sort": {
      "version": "10.9.0",
      "resolved": "https://artifactory.g.devqa.gcp.dev.paypalinc.com/artifactory/api/npm/npm-all/jss-plugin-props-sort/-/jss-plugin-props-sort-10.9.0.tgz",
      "integrity": "sha1-MOlWfvlHkEP+tuXlnbCbTeaHxH0=",
      "requires": {
        "@babel/runtime": "^7.3.1",
        "jss": "10.9.0"
      }
    },
    "jss-plugin-rule-value-function": {
      "version": "10.9.0",
      "resolved": "https://artifactory.g.devqa.gcp.dev.paypalinc.com/artifactory/api/npm/npm-all/jss-plugin-rule-value-function/-/jss-plugin-rule-value-function-10.9.0.tgz",
      "integrity": "sha1-N5/ScywHRv5FFoAR/iVUTBopXWc=",
      "requires": {
        "@babel/runtime": "^7.3.1",
        "jss": "10.9.0",
        "tiny-warning": "^1.0.2"
      }
    },
    "jss-plugin-vendor-prefixer": {
      "version": "10.9.0",
      "resolved": "https://artifactory.g.devqa.gcp.dev.paypalinc.com/artifactory/api/npm/npm-all/jss-plugin-vendor-prefixer/-/jss-plugin-vendor-prefixer-10.9.0.tgz",
      "integrity": "sha1-qp35ir+z919+1Zo+xQpUUkYaIGo=",
      "requires": {
        "@babel/runtime": "^7.3.1",
        "css-vendor": "^2.0.8",
        "jss": "10.9.0"
      }
    },
    "jss-rtl": {
      "version": "0.3.0",
      "resolved": "https://artifactory.g.devqa.gcp.dev.paypalinc.com/artifactory/api/npm/npm-all/jss-rtl/-/jss-rtl-0.3.0.tgz",
      "integrity": "sha1-OGlhYVlW+WVb1ensfp0IvvIj5K8=",
      "requires": {
        "rtl-css-js": "^1.13.1"
      }
    },
    "lodash": {
      "version": "4.17.21",
      "resolved": "https://artifactory.g.devqa.gcp.dev.paypalinc.com/artifactory/api/npm/npm-all/lodash/-/lodash-4.17.21.tgz",
      "integrity": "sha1-Z5WRxWTDv/quhFTPCz3zcMPWkRw="
    },
    "lodash-es": {
      "version": "4.17.21",
      "resolved": "https://artifactory.g.devqa.gcp.dev.paypalinc.com/artifactory/api/npm/npm-all/lodash-es/-/lodash-es-4.17.21.tgz",
      "integrity": "sha1-Q+YmxG5lkbd1C+srUBFzkMYJ4+4="
    },
    "loose-envify": {
      "version": "1.4.0",
      "resolved": "https://artifactory.g.devqa.gcp.dev.paypalinc.com/artifactory/api/npm/npm-all/loose-envify/-/loose-envify-1.4.0.tgz",
      "integrity": "sha1-ce5R+nvkyuwaY4OffmgtgTLTDK8=",
      "requires": {
        "js-tokens": "^3.0.0 || ^4.0.0"
      }
    },
    "nanoclone": {
      "version": "0.2.1",
      "resolved": "https://artifactory.g.devqa.gcp.dev.paypalinc.com/artifactory/api/npm/npm-all/nanoclone/-/nanoclone-0.2.1.tgz",
      "integrity": "sha1-3UCQ+PGhENJrsyxJ7S9bkjUgntQ="
    },
    "nanoid": {
      "version": "3.3.4",
      "resolved": "https://artifactory.g.devqa.gcp.dev.paypalinc.com/artifactory/api/npm/npm-all/nanoid/-/nanoid-3.3.4.tgz",
      "integrity": "sha1-cwtn480J4t6s8DwCfIHJ2dvF6Ks="
    },
    "next": {
      "version": "12.1.6",
      "resolved": "https://artifactory.g.devqa.gcp.dev.paypalinc.com/artifactory/api/npm/npm-all/next/-/next-12.1.6.tgz",
      "integrity": "sha1-6yBeZK8ZmGUflvnfRFVtR9i7xTM=",
      "requires": {
        "@next/env": "12.1.6",
        "@next/swc-android-arm-eabi": "12.1.6",
        "@next/swc-android-arm64": "12.1.6",
        "@next/swc-darwin-arm64": "12.1.6",
        "@next/swc-darwin-x64": "12.1.6",
        "@next/swc-linux-arm-gnueabihf": "12.1.6",
        "@next/swc-linux-arm64-gnu": "12.1.6",
        "@next/swc-linux-arm64-musl": "12.1.6",
        "@next/swc-linux-x64-gnu": "12.1.6",
        "@next/swc-linux-x64-musl": "12.1.6",
        "@next/swc-win32-arm64-msvc": "12.1.6",
        "@next/swc-win32-ia32-msvc": "12.1.6",
        "@next/swc-win32-x64-msvc": "12.1.6",
        "caniuse-lite": "^1.0.30001332",
        "postcss": "8.4.5",
        "styled-jsx": "5.0.2"
      }
    },
    "object-assign": {
      "version": "4.1.1",
      "resolved": "https://artifactory.g.devqa.gcp.dev.paypalinc.com/artifactory/api/npm/npm-all/object-assign/-/object-assign-4.1.1.tgz",
      "integrity": "sha1-IQmtx5ZYh8/AXLvUQsrIv7s2CGM="
    },
    "picocolors": {
      "version": "1.0.0",
      "resolved": "https://artifactory.g.devqa.gcp.dev.paypalinc.com/artifactory/api/npm/npm-all/picocolors/-/picocolors-1.0.0.tgz",
      "integrity": "sha1-y1vcdP8/UYkiNur3nWi8RFZKuBw="
    },
    "popper.js": {
      "version": "1.16.1-lts",
      "resolved": "https://artifactory.g.devqa.gcp.dev.paypalinc.com/artifactory/api/npm/npm-all/popper.js/-/popper.js-1.16.1-lts.tgz",
      "integrity": "sha1-z2hHuAfaN5nYDuPW0vkN+KP1CwU="
    },
    "postcss": {
      "version": "8.4.5",
      "resolved": "https://artifactory.g.devqa.gcp.dev.paypalinc.com/artifactory/api/npm/npm-all/postcss/-/postcss-8.4.5.tgz",
      "integrity": "sha1-uuZldk39TG/MJNwP3356oAzHf5U=",
      "requires": {
        "nanoid": "^3.1.30",
        "picocolors": "^1.0.0",
        "source-map-js": "^1.0.1"
      }
    },
    "prop-types": {
      "version": "15.8.1",
      "resolved": "https://artifactory.g.devqa.gcp.dev.paypalinc.com/artifactory/api/npm/npm-all/prop-types/-/prop-types-15.8.1.tgz",
      "integrity": "sha1-Z9h78aaU9IQ1zzMsJK8QIUoxQLU=",
      "requires": {
        "loose-envify": "^1.4.0",
        "object-assign": "^4.1.1",
        "react-is": "^16.13.1"
      },
      "dependencies": {
        "react-is": {
          "version": "16.13.1",
          "resolved": "https://artifactory.g.devqa.gcp.dev.paypalinc.com/artifactory/api/npm/npm-all/react-is/-/react-is-16.13.1.tgz",
          "integrity": "sha1-eJcppNw23imZ3BVt1sHZwYzqVqQ="
        }
      }
    },
    "property-expr": {
      "version": "2.0.5",
      "resolved": "https://artifactory.g.devqa.gcp.dev.paypalinc.com/artifactory/api/npm/npm-all/property-expr/-/property-expr-2.0.5.tgz",
      "integrity": "sha1-J4vbFTCK4Wrz47lkACRST03ALLQ="
    },
    "react": {
      "version": "17.0.1",
      "resolved": "https://artifactory.g.devqa.gcp.dev.paypalinc.com/artifactory/api/npm/npm-all/react/-/react-17.0.1.tgz",
      "integrity": "sha1-bgYAQWvVdXTj+G2S7bo9kAhyYSc=",
      "requires": {
        "loose-envify": "^1.1.0",
        "object-assign": "^4.1.1"
      }
    },
    "react-dom": {
      "version": "17.0.1",
      "resolved": "https://artifactory.g.devqa.gcp.dev.paypalinc.com/artifactory/api/npm/npm-all/react-dom/-/react-dom-17.0.1.tgz",
      "integrity": "sha1-HeJWBHTsnw4zQoVmLt5S28VCb8Y=",
      "requires": {
        "loose-envify": "^1.1.0",
        "object-assign": "^4.1.1",
        "scheduler": "^0.20.1"
      }
    },
    "react-fast-compare": {
      "version": "2.0.4",
      "resolved": "https://artifactory.g.devqa.gcp.dev.paypalinc.com/artifactory/api/npm/npm-all/react-fast-compare/-/react-fast-compare-2.0.4.tgz",
      "integrity": "sha1-6EtNRVsP7BE+BALDKTUnFRlvgfk="
    },
    "react-is": {
      "version": "17.0.2",
      "resolved": "https://artifactory.g.devqa.gcp.dev.paypalinc.com/artifactory/api/npm/npm-all/react-is/-/react-is-17.0.2.tgz",
      "integrity": "sha1-5pHUqOnHiTZWVVOas3J2Kw77VPA="
    },
    "react-transition-group": {
      "version": "4.4.2",
      "resolved": "https://artifactory.g.devqa.gcp.dev.paypalinc.com/artifactory/api/npm/npm-all/react-transition-group/-/react-transition-group-4.4.2.tgz",
      "integrity": "sha1-i1mlbwnO17VcvVPDZ2i5IokNVHA=",
      "requires": {
        "@babel/runtime": "^7.5.5",
        "dom-helpers": "^5.0.1",
        "loose-envify": "^1.4.0",
        "prop-types": "^15.6.2"
      }
    },
    "regenerator-runtime": {
      "version": "0.13.9",
      "resolved": "https://artifactory.g.devqa.gcp.dev.paypalinc.com/artifactory/api/npm/npm-all/regenerator-runtime/-/regenerator-runtime-0.13.9.tgz",
      "integrity": "sha1-iSV0Kpj/2QgUmI11Zq0wyjsmO1I="
    },
    "rtl-css-js": {
      "version": "1.15.0",
      "resolved": "https://artifactory.g.devqa.gcp.dev.paypalinc.com/artifactory/api/npm/npm-all/rtl-css-js/-/rtl-css-js-1.15.0.tgz",
      "integrity": "sha1-aA7YFuVwqevMup4c0PICxqi7LcA=",
      "requires": {
        "@babel/runtime": "^7.1.2"
      }
    },
    "scheduler": {
      "version": "0.20.2",
      "resolved": "https://artifactory.g.devqa.gcp.dev.paypalinc.com/artifactory/api/npm/npm-all/scheduler/-/scheduler-0.20.2.tgz",
      "integrity": "sha1-S67jlDbjSqk7SHS93L8P6Li1DpE=",
      "requires": {
        "loose-envify": "^1.1.0",
        "object-assign": "^4.1.1"
      }
    },
    "source-map-js": {
      "version": "1.0.2",
      "resolved": "https://artifactory.g.devqa.gcp.dev.paypalinc.com/artifactory/api/npm/npm-all/source-map-js/-/source-map-js-1.0.2.tgz",
      "integrity": "sha1-rbw2HZxi3zgBJefxYfccgm8eSQw="
    },
    "styled-jsx": {
      "version": "5.0.2",
      "resolved": "https://artifactory.g.devqa.gcp.dev.paypalinc.com/artifactory/api/npm/npm-all/styled-jsx/-/styled-jsx-5.0.2.tgz",
      "integrity": "sha1-/yMP1ZO3N+nmi2MKaU1GBCVHhyk="
    },
    "tiny-warning": {
      "version": "1.0.3",
      "resolved": "https://artifactory.g.devqa.gcp.dev.paypalinc.com/artifactory/api/npm/npm-all/tiny-warning/-/tiny-warning-1.0.3.tgz",
      "integrity": "sha1-lKMNtFPfTGQ9D9VmBg1gqHXYR1Q="
    },
    "toposort": {
      "version": "2.0.2",
      "resolved": "https://artifactory.g.devqa.gcp.dev.paypalinc.com/artifactory/api/npm/npm-all/toposort/-/toposort-2.0.2.tgz",
      "integrity": "sha1-riF2gXXRVZ1IvvNUILL0li8JwzA="
    },
    "tslib": {
      "version": "1.14.1",
      "resolved": "https://artifactory.g.devqa.gcp.dev.paypalinc.com/artifactory/api/npm/npm-all/tslib/-/tslib-1.14.1.tgz",
      "integrity": "sha1-zy04vcNKE0vK8QkcQfZhni9nLQA="
    },
    "yup": {
      "version": "0.32.11",
      "resolved": "https://artifactory.g.devqa.gcp.dev.paypalinc.com/artifactory/api/npm/npm-all/yup/-/yup-0.32.11.tgz",
      "integrity": "sha1-1n+4Pu+kaYYHmC5j98pMXtPPGMU=",
      "requires": {
        "@babel/runtime": "^7.15.4",
        "@types/lodash": "^4.14.175",
        "lodash": "^4.17.21",
        "lodash-es": "^4.17.21",
        "nanoclone": "^0.2.1",
        "property-expr": "^2.0.4",
        "toposort": "^2.0.2"
      }
    }
  }
}
